
Microsoft Visual Studio Solution File, Format Version 12.00
# Visual Studio 15
Project("{FAE04EC0-301F-11D3-BF4B-00C04F79EFBC}") = "Assembly-CSharp", "Assembly-CSharp.csproj", "{2F2BE81E-78BC-E401-260F-ED4A7D558BE8}"
EndProject
Project("{FAE04EC0-301F-11D3-BF4B-00C04F79EFBC}") = "Assembly-CSharp-Editor", "Assembly-CSharp-Editor.csproj", "{5B3EA641-C041-1B71-C85E-C4990CE53DE5}"
EndProject
Project("{FAE04EC0-301F-11D3-BF4B-00C04F79EFBC}") = "Assembly-CSharp-firstpass", "Assembly-CSharp-firstpass.csproj", "{13639FB5-B3CE-6024-C675-F23250183BE6}"
EndProject
Global
	GlobalSection(SolutionConfigurationPlatforms) = preSolution
		Debug|Any CPU = Debug|Any CPU
		Release|Any CPU = Release|Any CPU
	EndGlobalSection
	GlobalSection(ProjectConfigurationPlatforms) = postSolution
		{2F2BE81E-78BC-E401-260F-ED4A7D558BE8}.Debug|Any CPU.ActiveCfg = Debug|Any CPU
		{2F2BE81E-78BC-E401-260F-ED4A7D558BE8}.Debug|Any CPU.Build.0 = Debug|Any CPU
		{2F2BE81E-78BC-E401-260F-ED4A7D558BE8}.Release|Any CPU.ActiveCfg = Release|Any CPU
		{2F2BE81E-78BC-E401-260F-ED4A7D558BE8}.Release|Any CPU.Build.0 = Release|Any CPU
		{5B3EA641-C041-1B71-C85E-C4990CE53DE5}.Debug|Any CPU.ActiveCfg = Debug|Any CPU
		{5B3EA641-C041-1B71-C85E-C4990CE53DE5}.Debug|Any CPU.Build.0 = Debug|Any CPU
		{5B3EA641-C041-1B71-C85E-C4990CE53DE5}.Release|Any CPU.ActiveCfg = Release|Any CPU
		{5B3EA641-C041-1B71-C85E-C4990CE53DE5}.Release|Any CPU.Build.0 = Release|Any CPU
		{13639FB5-B3CE-6024-C675-F23250183BE6}.Debug|Any CPU.ActiveCfg = Debug|Any CPU
		{13639FB5-B3CE-6024-C675-F23250183BE6}.Debug|Any CPU.Build.0 = Debug|Any CPU
		{13639FB5-B3CE-6024-C675-F23250183BE6}.Release|Any CPU.ActiveCfg = Release|Any CPU
		{13639FB5-B3CE-6024-C675-F23250183BE6}.Release|Any CPU.Build.0 = Release|Any CPU
	EndGlobalSection
	GlobalSection(SolutionProperties) = preSolution
		HideSolutionNode = FALSE
	EndGlobalSection
	GlobalSection(MonoDevelopProperties) = preSolution
		StartupItem = Assembly-CSharp.csproj
	EndGlobalSection
EndGlobal
